
Microsoft Visual Studio Solution File, Format Version 12.00
# Visual Studio Version 17
VisualStudioVersion = 17.0.32112.339
MinimumVisualStudioVersion = 10.0.40219.1
Project("{FAE04EC0-301F-11D3-BF4B-00C04F79EFBC}") = "(CTOR)", "OOP\(CTOR).csproj", "{6BB4377E-A645-482F-A29E-2D0823235BAB}"
EndProject
Project("{FAE04EC0-301F-11D3-BF4B-00C04F79EFBC}") = "Encapsulation", "Encapsulation\Encapsulation.csproj", "{93AA7F21-8E5B-4F69-A1C9-854CD06D24D8}"
EndProject
Project("{FAE04EC0-301F-11D3-BF4B-00C04F79EFBC}") = "KayıtProjesi", "KayıtProjesi\KayıtProjesi.csproj", "{CE1C8D7D-CCF7-455F-9331-83887D92FAF7}"
EndProject
Project("{FAE04EC0-301F-11D3-BF4B-00C04F79EFBC}") = "Delegate", "OOP_Delegate\Delegate.csproj", "{E80C71C2-C328-4957-ACF2-11D0784D0387}"
EndProject
Project("{FAE04EC0-301F-11D3-BF4B-00C04F79EFBC}") = "EventHandler", "EventHandler\EventHandler.csproj", "{6F026A05-8EDF-4A8C-A7CD-DCD879897E6E}"
EndProject
Project("{FAE04EC0-301F-11D3-BF4B-00C04F79EFBC}") = "IComparable_ICOMPARER", "OOP_IComparable_ICOMPARER\IComparable_ICOMPARER.csproj", "{F6FF0986-2794-4105-896E-91A92A9FA6BA}"
EndProject
Project("{FAE04EC0-301F-11D3-BF4B-00C04F79EFBC}") = "IEnumerable_IEnumerator", "OOP_IEnumerable_IEnumerator\IEnumerable_IEnumerator.csproj", "{F7D4892D-1918-4805-8D46-18980E6EDA36}"
EndProject
Project("{FAE04EC0-301F-11D3-BF4B-00C04F79EFBC}") = "SpecialCollection", "OOP_SpecialCollection\SpecialCollection.csproj", "{63CBD138-A3E1-47AD-8D89-26FFD393AB13}"
EndProject
Project("{FAE04EC0-301F-11D3-BF4B-00C04F79EFBC}") = "WFAHamburgerci", "WFAHamburgerci\WFAHamburgerci.csproj", "{9CB2D118-AFF3-4617-AEFC-F58451373F57}"
EndProject
Project("{2150E333-8FDC-42A3-9474-1A3956D46DE8}") = "Tekrar", "Tekrar", "{F35E6020-1CE7-4741-9866-901E4B01F82F}"
EndProject
Project("{FAE04EC0-301F-11D3-BF4B-00C04F79EFBC}") = "OOP_enumm", "OOP_enumm\OOP_enumm.csproj", "{60081F84-1CE0-431C-B0C6-B634C53D78F9}"
EndProject
Project("{FAE04EC0-301F-11D3-BF4B-00C04F79EFBC}") = "Interface", "Interface\Interface.csproj", "{669DB7DD-3913-40C0-A1E5-BD235D225FCE}"
EndProject
Project("{FAE04EC0-301F-11D3-BF4B-00C04F79EFBC}") = "InterfaceTekrar", "InterfaceTekrar\InterfaceTekrar.csproj", "{E66A07F6-7169-4EC1-9D6A-3DE92A29BFBC}"
EndProject
Project("{FAE04EC0-301F-11D3-BF4B-00C04F79EFBC}") = "InterfaceTekrarınTekrarı", "InterfaceTekrarınTekrarı\InterfaceTekrarınTekrarı.csproj", "{B6211347-6B28-4045-A95B-450D7F93BCCB}"
EndProject
Project("{FAE04EC0-301F-11D3-BF4B-00C04F79EFBC}") = "ReferansAndValueType", "ReferansAndValueType\ReferansAndValueType.csproj", "{576483FC-9408-471F-AB64-5B9A12C1127F}"
EndProject
Project("{FAE04EC0-301F-11D3-BF4B-00C04F79EFBC}") = "Struct", "Struct_Seald\Struct.csproj", "{0BF9B5D1-AD14-447F-99AD-C66B02A9B69C}"
EndProject
Project("{FAE04EC0-301F-11D3-BF4B-00C04F79EFBC}") = "Inheritance", "Inheritance\Inheritance.csproj", "{1B7F5AF4-56E2-44B4-8988-C62CBCD83683}"
EndProject
Project("{FAE04EC0-301F-11D3-BF4B-00C04F79EFBC}") = "Saled", "Saled\Saled.csproj", "{03299FE4-6C12-4B71-A234-2DCFF4E82D87}"
EndProject
Project("{FAE04EC0-301F-11D3-BF4B-00C04F79EFBC}") = "Static", "Static\Static.csproj", "{D3B65357-D2C4-4A82-B383-A88D5F9BDD2E}"
EndProject
Project("{FAE04EC0-301F-11D3-BF4B-00C04F79EFBC}") = "Polymorphizm", "Polymorphizm\Polymorphizm.csproj", "{0107E9E9-18FE-4B7A-923B-723B22ACDB3E}"
EndProject
Project("{FAE04EC0-301F-11D3-BF4B-00C04F79EFBC}") = "Abstract", "Abstract\Abstract.csproj", "{A04FB8C8-4D80-4BF0-9340-25E3EDB88A1E}"
EndProject
Project("{FAE04EC0-301F-11D3-BF4B-00C04F79EFBC}") = "_enum", "_enum\_enum.csproj", "{C896D71A-DCB0-41EB-ACEB-DF1206FC2090}"
EndProject
Project("{FAE04EC0-301F-11D3-BF4B-00C04F79EFBC}") = "_PiggyBank", "_PiggyBank\_PiggyBank.csproj", "{57881543-F2AA-40B0-BF91-B18BD5243667}"
EndProject
Project("{FAE04EC0-301F-11D3-BF4B-00C04F79EFBC}") = "KayitProjesiTekrar", "KayitProjesiTekrar\KayitProjesiTekrar.csproj", "{D4492B08-5611-4A55-9E5B-5B05853339CE}"
EndProject
Project("{FAE04EC0-301F-11D3-BF4B-00C04F79EFBC}") = "EventHandlerTekrar", "EventHandlerTekrar\EventHandlerTekrar.csproj", "{8DC9A26F-7C81-4D28-A7D1-142EBCCA134F}"
EndProject
Project("{FAE04EC0-301F-11D3-BF4B-00C04F79EFBC}") = "IComparable_ICOMPARER", "IComparable_ICOMPARER\IComparable_ICOMPARER.csproj", "{F7CD46E9-3315-479B-A047-3C50EACACD4F}"
EndProject
Project("{FAE04EC0-301F-11D3-BF4B-00C04F79EFBC}") = "SpecialCollectionsTekrar", "SpecialCollections\SpecialCollectionsTekrar.csproj", "{A4A36852-C90C-44ED-BFB1-B1472B9C241D}"
EndProject
Project("{FAE04EC0-301F-11D3-BF4B-00C04F79EFBC}") = "WFAHamburgerciTekrar", "WFAHamburgerciTekrar\WFAHamburgerciTekrar.csproj", "{4E88B757-DE5A-4E98-B24F-397C94F6E240}"
EndProject
Global
	GlobalSection(SolutionConfigurationPlatforms) = preSolution
		Debug|Any CPU = Debug|Any CPU
		Release|Any CPU = Release|Any CPU
	EndGlobalSection
	GlobalSection(ProjectConfigurationPlatforms) = postSolution
		{6BB4377E-A645-482F-A29E-2D0823235BAB}.Debug|Any CPU.ActiveCfg = Debug|Any CPU
		{6BB4377E-A645-482F-A29E-2D0823235BAB}.Debug|Any CPU.Build.0 = Debug|Any CPU
		{6BB4377E-A645-482F-A29E-2D0823235BAB}.Release|Any CPU.ActiveCfg = Release|Any CPU
		{6BB4377E-A645-482F-A29E-2D0823235BAB}.Release|Any CPU.Build.0 = Release|Any CPU
		{93AA7F21-8E5B-4F69-A1C9-854CD06D24D8}.Debug|Any CPU.ActiveCfg = Debug|Any CPU
		{93AA7F21-8E5B-4F69-A1C9-854CD06D24D8}.Debug|Any CPU.Build.0 = Debug|Any CPU
		{93AA7F21-8E5B-4F69-A1C9-854CD06D24D8}.Release|Any CPU.ActiveCfg = Release|Any CPU
		{93AA7F21-8E5B-4F69-A1C9-854CD06D24D8}.Release|Any CPU.Build.0 = Release|Any CPU
		{CE1C8D7D-CCF7-455F-9331-83887D92FAF7}.Debug|Any CPU.ActiveCfg = Debug|Any CPU
		{CE1C8D7D-CCF7-455F-9331-83887D92FAF7}.Debug|Any CPU.Build.0 = Debug|Any CPU
		{CE1C8D7D-CCF7-455F-9331-83887D92FAF7}.Release|Any CPU.ActiveCfg = Release|Any CPU
		{CE1C8D7D-CCF7-455F-9331-83887D92FAF7}.Release|Any CPU.Build.0 = Release|Any CPU
		{E80C71C2-C328-4957-ACF2-11D0784D0387}.Debug|Any CPU.ActiveCfg = Debug|Any CPU
		{E80C71C2-C328-4957-ACF2-11D0784D0387}.Debug|Any CPU.Build.0 = Debug|Any CPU
		{E80C71C2-C328-4957-ACF2-11D0784D0387}.Release|Any CPU.ActiveCfg = Release|Any CPU
		{E80C71C2-C328-4957-ACF2-11D0784D0387}.Release|Any CPU.Build.0 = Release|Any CPU
		{6F026A05-8EDF-4A8C-A7CD-DCD879897E6E}.Debug|Any CPU.ActiveCfg = Debug|Any CPU
		{6F026A05-8EDF-4A8C-A7CD-DCD879897E6E}.Debug|Any CPU.Build.0 = Debug|Any CPU
		{6F026A05-8EDF-4A8C-A7CD-DCD879897E6E}.Release|Any CPU.ActiveCfg = Release|Any CPU
		{6F026A05-8EDF-4A8C-A7CD-DCD879897E6E}.Release|Any CPU.Build.0 = Release|Any CPU
		{F6FF0986-2794-4105-896E-91A92A9FA6BA}.Debug|Any CPU.ActiveCfg = Debug|Any CPU
		{F6FF0986-2794-4105-896E-91A92A9FA6BA}.Debug|Any CPU.Build.0 = Debug|Any CPU
		{F6FF0986-2794-4105-896E-91A92A9FA6BA}.Release|Any CPU.ActiveCfg = Release|Any CPU
		{F6FF0986-2794-4105-896E-91A92A9FA6BA}.Release|Any CPU.Build.0 = Release|Any CPU
		{F7D4892D-1918-4805-8D46-18980E6EDA36}.Debug|Any CPU.ActiveCfg = Debug|Any CPU
		{F7D4892D-1918-4805-8D46-18980E6EDA36}.Debug|Any CPU.Build.0 = Debug|Any CPU
		{F7D4892D-1918-4805-8D46-18980E6EDA36}.Release|Any CPU.ActiveCfg = Release|Any CPU
		{F7D4892D-1918-4805-8D46-18980E6EDA36}.Release|Any CPU.Build.0 = Release|Any CPU
		{63CBD138-A3E1-47AD-8D89-26FFD393AB13}.Debug|Any CPU.ActiveCfg = Debug|Any CPU
		{63CBD138-A3E1-47AD-8D89-26FFD393AB13}.Debug|Any CPU.Build.0 = Debug|Any CPU
		{63CBD138-A3E1-47AD-8D89-26FFD393AB13}.Release|Any CPU.ActiveCfg = Release|Any CPU
		{63CBD138-A3E1-47AD-8D89-26FFD393AB13}.Release|Any CPU.Build.0 = Release|Any CPU
		{9CB2D118-AFF3-4617-AEFC-F58451373F57}.Debug|Any CPU.ActiveCfg = Debug|Any CPU
		{9CB2D118-AFF3-4617-AEFC-F58451373F57}.Debug|Any CPU.Build.0 = Debug|Any CPU
		{9CB2D118-AFF3-4617-AEFC-F58451373F57}.Release|Any CPU.ActiveCfg = Release|Any CPU
		{9CB2D118-AFF3-4617-AEFC-F58451373F57}.Release|Any CPU.Build.0 = Release|Any CPU
		{60081F84-1CE0-431C-B0C6-B634C53D78F9}.Debug|Any CPU.ActiveCfg = Debug|Any CPU
		{60081F84-1CE0-431C-B0C6-B634C53D78F9}.Debug|Any CPU.Build.0 = Debug|Any CPU
		{60081F84-1CE0-431C-B0C6-B634C53D78F9}.Release|Any CPU.ActiveCfg = Release|Any CPU
		{60081F84-1CE0-431C-B0C6-B634C53D78F9}.Release|Any CPU.Build.0 = Release|Any CPU
		{669DB7DD-3913-40C0-A1E5-BD235D225FCE}.Debug|Any CPU.ActiveCfg = Debug|Any CPU
		{669DB7DD-3913-40C0-A1E5-BD235D225FCE}.Debug|Any CPU.Build.0 = Debug|Any CPU
		{669DB7DD-3913-40C0-A1E5-BD235D225FCE}.Release|Any CPU.ActiveCfg = Release|Any CPU
		{669DB7DD-3913-40C0-A1E5-BD235D225FCE}.Release|Any CPU.Build.0 = Release|Any CPU
		{E66A07F6-7169-4EC1-9D6A-3DE92A29BFBC}.Debug|Any CPU.ActiveCfg = Debug|Any CPU
		{E66A07F6-7169-4EC1-9D6A-3DE92A29BFBC}.Debug|Any CPU.Build.0 = Debug|Any CPU
		{E66A07F6-7169-4EC1-9D6A-3DE92A29BFBC}.Release|Any CPU.ActiveCfg = Release|Any CPU
		{E66A07F6-7169-4EC1-9D6A-3DE92A29BFBC}.Release|Any CPU.Build.0 = Release|Any CPU
		{B6211347-6B28-4045-A95B-450D7F93BCCB}.Debug|Any CPU.ActiveCfg = Debug|Any CPU
		{B6211347-6B28-4045-A95B-450D7F93BCCB}.Debug|Any CPU.Build.0 = Debug|Any CPU
		{B6211347-6B28-4045-A95B-450D7F93BCCB}.Release|Any CPU.ActiveCfg = Release|Any CPU
		{B6211347-6B28-4045-A95B-450D7F93BCCB}.Release|Any CPU.Build.0 = Release|Any CPU
		{576483FC-9408-471F-AB64-5B9A12C1127F}.Debug|Any CPU.ActiveCfg = Debug|Any CPU
		{576483FC-9408-471F-AB64-5B9A12C1127F}.Debug|Any CPU.Build.0 = Debug|Any CPU
		{576483FC-9408-471F-AB64-5B9A12C1127F}.Release|Any CPU.ActiveCfg = Release|Any CPU
		{576483FC-9408-471F-AB64-5B9A12C1127F}.Release|Any CPU.Build.0 = Release|Any CPU
		{0BF9B5D1-AD14-447F-99AD-C66B02A9B69C}.Debug|Any CPU.ActiveCfg = Debug|Any CPU
		{0BF9B5D1-AD14-447F-99AD-C66B02A9B69C}.Debug|Any CPU.Build.0 = Debug|Any CPU
		{0BF9B5D1-AD14-447F-99AD-C66B02A9B69C}.Release|Any CPU.ActiveCfg = Release|Any CPU
		{0BF9B5D1-AD14-447F-99AD-C66B02A9B69C}.Release|Any CPU.Build.0 = Release|Any CPU
		{1B7F5AF4-56E2-44B4-8988-C62CBCD83683}.Debug|Any CPU.ActiveCfg = Debug|Any CPU
		{1B7F5AF4-56E2-44B4-8988-C62CBCD83683}.Debug|Any CPU.Build.0 = Debug|Any CPU
		{1B7F5AF4-56E2-44B4-8988-C62CBCD83683}.Release|Any CPU.ActiveCfg = Release|Any CPU
		{1B7F5AF4-56E2-44B4-8988-C62CBCD83683}.Release|Any CPU.Build.0 = Release|Any CPU
		{03299FE4-6C12-4B71-A234-2DCFF4E82D87}.Debug|Any CPU.ActiveCfg = Debug|Any CPU
		{03299FE4-6C12-4B71-A234-2DCFF4E82D87}.Debug|Any CPU.Build.0 = Debug|Any CPU
		{03299FE4-6C12-4B71-A234-2DCFF4E82D87}.Release|Any CPU.ActiveCfg = Release|Any CPU
		{03299FE4-6C12-4B71-A234-2DCFF4E82D87}.Release|Any CPU.Build.0 = Release|Any CPU
		{D3B65357-D2C4-4A82-B383-A88D5F9BDD2E}.Debug|Any CPU.ActiveCfg = Debug|Any CPU
		{D3B65357-D2C4-4A82-B383-A88D5F9BDD2E}.Debug|Any CPU.Build.0 = Debug|Any CPU
		{D3B65357-D2C4-4A82-B383-A88D5F9BDD2E}.Release|Any CPU.ActiveCfg = Release|Any CPU
		{D3B65357-D2C4-4A82-B383-A88D5F9BDD2E}.Release|Any CPU.Build.0 = Release|Any CPU
		{0107E9E9-18FE-4B7A-923B-723B22ACDB3E}.Debug|Any CPU.ActiveCfg = Debug|Any CPU
		{0107E9E9-18FE-4B7A-923B-723B22ACDB3E}.Debug|Any CPU.Build.0 = Debug|Any CPU
		{0107E9E9-18FE-4B7A-923B-723B22ACDB3E}.Release|Any CPU.ActiveCfg = Release|Any CPU
		{0107E9E9-18FE-4B7A-923B-723B22ACDB3E}.Release|Any CPU.Build.0 = Release|Any CPU
		{A04FB8C8-4D80-4BF0-9340-25E3EDB88A1E}.Debug|Any CPU.ActiveCfg = Debug|Any CPU
		{A04FB8C8-4D80-4BF0-9340-25E3EDB88A1E}.Debug|Any CPU.Build.0 = Debug|Any CPU
		{A04FB8C8-4D80-4BF0-9340-25E3EDB88A1E}.Release|Any CPU.ActiveCfg = Release|Any CPU
		{A04FB8C8-4D80-4BF0-9340-25E3EDB88A1E}.Release|Any CPU.Build.0 = Release|Any CPU
		{C896D71A-DCB0-41EB-ACEB-DF1206FC2090}.Debug|Any CPU.ActiveCfg = Debug|Any CPU
		{C896D71A-DCB0-41EB-ACEB-DF1206FC2090}.Debug|Any CPU.Build.0 = Debug|Any CPU
		{C896D71A-DCB0-41EB-ACEB-DF1206FC2090}.Release|Any CPU.ActiveCfg = Release|Any CPU
		{C896D71A-DCB0-41EB-ACEB-DF1206FC2090}.Release|Any CPU.Build.0 = Release|Any CPU
		{57881543-F2AA-40B0-BF91-B18BD5243667}.Debug|Any CPU.ActiveCfg = Debug|Any CPU
		{57881543-F2AA-40B0-BF91-B18BD5243667}.Debug|Any CPU.Build.0 = Debug|Any CPU
		{57881543-F2AA-40B0-BF91-B18BD5243667}.Release|Any CPU.ActiveCfg = Release|Any CPU
		{57881543-F2AA-40B0-BF91-B18BD5243667}.Release|Any CPU.Build.0 = Release|Any CPU
		{D4492B08-5611-4A55-9E5B-5B05853339CE}.Debug|Any CPU.ActiveCfg = Debug|Any CPU
		{D4492B08-5611-4A55-9E5B-5B05853339CE}.Debug|Any CPU.Build.0 = Debug|Any CPU
		{D4492B08-5611-4A55-9E5B-5B05853339CE}.Release|Any CPU.ActiveCfg = Release|Any CPU
		{D4492B08-5611-4A55-9E5B-5B05853339CE}.Release|Any CPU.Build.0 = Release|Any CPU
		{8DC9A26F-7C81-4D28-A7D1-142EBCCA134F}.Debug|Any CPU.ActiveCfg = Debug|Any CPU
		{8DC9A26F-7C81-4D28-A7D1-142EBCCA134F}.Debug|Any CPU.Build.0 = Debug|Any CPU
		{8DC9A26F-7C81-4D28-A7D1-142EBCCA134F}.Release|Any CPU.ActiveCfg = Release|Any CPU
		{8DC9A26F-7C81-4D28-A7D1-142EBCCA134F}.Release|Any CPU.Build.0 = Release|Any CPU
		{F7CD46E9-3315-479B-A047-3C50EACACD4F}.Debug|Any CPU.ActiveCfg = Debug|Any CPU
		{F7CD46E9-3315-479B-A047-3C50EACACD4F}.Debug|Any CPU.Build.0 = Debug|Any CPU
		{F7CD46E9-3315-479B-A047-3C50EACACD4F}.Release|Any CPU.ActiveCfg = Release|Any CPU
		{F7CD46E9-3315-479B-A047-3C50EACACD4F}.Release|Any CPU.Build.0 = Release|Any CPU
		{A4A36852-C90C-44ED-BFB1-B1472B9C241D}.Debug|Any CPU.ActiveCfg = Debug|Any CPU
		{A4A36852-C90C-44ED-BFB1-B1472B9C241D}.Debug|Any CPU.Build.0 = Debug|Any CPU
		{A4A36852-C90C-44ED-BFB1-B1472B9C241D}.Release|Any CPU.ActiveCfg = Release|Any CPU
		{A4A36852-C90C-44ED-BFB1-B1472B9C241D}.Release|Any CPU.Build.0 = Release|Any CPU
		{4E88B757-DE5A-4E98-B24F-397C94F6E240}.Debug|Any CPU.ActiveCfg = Debug|Any CPU
		{4E88B757-DE5A-4E98-B24F-397C94F6E240}.Debug|Any CPU.Build.0 = Debug|Any CPU
		{4E88B757-DE5A-4E98-B24F-397C94F6E240}.Release|Any CPU.ActiveCfg = Release|Any CPU
		{4E88B757-DE5A-4E98-B24F-397C94F6E240}.Release|Any CPU.Build.0 = Release|Any CPU
	EndGlobalSection
	GlobalSection(SolutionProperties) = preSolution
		HideSolutionNode = FALSE
	EndGlobalSection
	GlobalSection(NestedProjects) = preSolution
		{60081F84-1CE0-431C-B0C6-B634C53D78F9} = {F35E6020-1CE7-4741-9866-901E4B01F82F}
		{E66A07F6-7169-4EC1-9D6A-3DE92A29BFBC} = {F35E6020-1CE7-4741-9866-901E4B01F82F}
		{B6211347-6B28-4045-A95B-450D7F93BCCB} = {F35E6020-1CE7-4741-9866-901E4B01F82F}
		{D4492B08-5611-4A55-9E5B-5B05853339CE} = {F35E6020-1CE7-4741-9866-901E4B01F82F}
		{8DC9A26F-7C81-4D28-A7D1-142EBCCA134F} = {F35E6020-1CE7-4741-9866-901E4B01F82F}
		{F7CD46E9-3315-479B-A047-3C50EACACD4F} = {F35E6020-1CE7-4741-9866-901E4B01F82F}
		{A4A36852-C90C-44ED-BFB1-B1472B9C241D} = {F35E6020-1CE7-4741-9866-901E4B01F82F}
		{4E88B757-DE5A-4E98-B24F-397C94F6E240} = {F35E6020-1CE7-4741-9866-901E4B01F82F}
	EndGlobalSection
	GlobalSection(ExtensibilityGlobals) = postSolution
		SolutionGuid = {13D95649-9086-43CB-BE99-7E01C5B431BE}
	EndGlobalSection
EndGlobal
